
Microsoft Visual Studio Solution File, Format Version 12.00
# Visual Studio Version 17
VisualStudioVersion = 17.9.34714.143
MinimumVisualStudioVersion = 10.0.40219.1
Project("{FAE04EC0-301F-11D3-BF4B-00C04F79EFBC}") = "JWT_Auth", "JWT_Auth\JWT_Auth.csproj", "{506B5220-2991-40C9-9134-199685F1530C}"
EndProject
Global
	GlobalSection(SolutionConfigurationPlatforms) = preSolution
		Debug|Any CPU = Debug|Any CPU
		Release|Any CPU = Release|Any CPU
	EndGlobalSection
	GlobalSection(ProjectConfigurationPlatforms) = postSolution
		{506B5220-2991-40C9-9134-199685F1530C}.Debug|Any CPU.ActiveCfg = Debug|Any CPU
		{506B5220-2991-40C9-9134-199685F1530C}.Debug|Any CPU.Build.0 = Debug|Any CPU
		{506B5220-2991-40C9-9134-199685F1530C}.Release|Any CPU.ActiveCfg = Release|Any CPU
		{506B5220-2991-40C9-9134-199685F1530C}.Release|Any CPU.Build.0 = Release|Any CPU
	EndGlobalSection
	GlobalSection(SolutionProperties) = preSolution
		HideSolutionNode = FALSE
	EndGlobalSection
	GlobalSection(ExtensibilityGlobals) = postSolution
		SolutionGuid = {23D28DF3-299A-435D-8548-DB4C3586AC0B}
	EndGlobalSection
EndGlobal
